
Microsoft Visual Studio Solution File, Format Version 12.00
# Visual Studio Version 16
VisualStudioVersion = 16.0.30621.155
MinimumVisualStudioVersion = 10.0.40219.1
Project("{FAE04EC0-301F-11D3-BF4B-00C04F79EFBC}") = "TopshelfDemo", "TopshelfDemo\TopshelfDemo.csproj", "{7F5C26E4-BA39-421F-9C3C-4338DDBA5EEB}"
EndProject
Project("{FAE04EC0-301F-11D3-BF4B-00C04F79EFBC}") = "RabbitMQSender", "RabbitMQSender\RabbitMQSender.csproj", "{C06B684E-A033-4FBF-B2B3-61ABED9E9259}"
EndProject
Global
	GlobalSection(SolutionConfigurationPlatforms) = preSolution
		Debug|Any CPU = Debug|Any CPU
		Release|Any CPU = Release|Any CPU
	EndGlobalSection
	GlobalSection(ProjectConfigurationPlatforms) = postSolution
		{7F5C26E4-BA39-421F-9C3C-4338DDBA5EEB}.Debug|Any CPU.ActiveCfg = Debug|Any CPU
		{7F5C26E4-BA39-421F-9C3C-4338DDBA5EEB}.Debug|Any CPU.Build.0 = Debug|Any CPU
		{7F5C26E4-BA39-421F-9C3C-4338DDBA5EEB}.Release|Any CPU.ActiveCfg = Release|Any CPU
		{7F5C26E4-BA39-421F-9C3C-4338DDBA5EEB}.Release|Any CPU.Build.0 = Release|Any CPU
		{C06B684E-A033-4FBF-B2B3-61ABED9E9259}.Debug|Any CPU.ActiveCfg = Debug|Any CPU
		{C06B684E-A033-4FBF-B2B3-61ABED9E9259}.Debug|Any CPU.Build.0 = Debug|Any CPU
		{C06B684E-A033-4FBF-B2B3-61ABED9E9259}.Release|Any CPU.ActiveCfg = Release|Any CPU
		{C06B684E-A033-4FBF-B2B3-61ABED9E9259}.Release|Any CPU.Build.0 = Release|Any CPU
	EndGlobalSection
	GlobalSection(SolutionProperties) = preSolution
		HideSolutionNode = FALSE
	EndGlobalSection
	GlobalSection(ExtensibilityGlobals) = postSolution
		SolutionGuid = {8F81D34F-8B0F-49C1-B38E-D99B1C6DEA77}
	EndGlobalSection
EndGlobal
